
Microsoft Visual Studio Solution File, Format Version 12.00
# Visual Studio 15
VisualStudioVersion = 15.0.26730.16
MinimumVisualStudioVersion = 10.0.40219.1
Project("{FAE04EC0-301F-11D3-BF4B-00C04F79EFBC}") = "FindLongestWordInAString", "FindLongestWordInAString\FindLongestWordInAString.csproj", "{FB3D4BCD-E3F9-4D5B-BCFE-0841CB252F7A}"
EndProject
Global
	GlobalSection(SolutionConfigurationPlatforms) = preSolution
		Debug|Any CPU = Debug|Any CPU
		Release|Any CPU = Release|Any CPU
	EndGlobalSection
	GlobalSection(ProjectConfigurationPlatforms) = postSolution
		{FB3D4BCD-E3F9-4D5B-BCFE-0841CB252F7A}.Debug|Any CPU.ActiveCfg = Debug|Any CPU
		{FB3D4BCD-E3F9-4D5B-BCFE-0841CB252F7A}.Debug|Any CPU.Build.0 = Debug|Any CPU
		{FB3D4BCD-E3F9-4D5B-BCFE-0841CB252F7A}.Release|Any CPU.ActiveCfg = Release|Any CPU
		{FB3D4BCD-E3F9-4D5B-BCFE-0841CB252F7A}.Release|Any CPU.Build.0 = Release|Any CPU
	EndGlobalSection
	GlobalSection(SolutionProperties) = preSolution
		HideSolutionNode = FALSE
	EndGlobalSection
	GlobalSection(ExtensibilityGlobals) = postSolution
		SolutionGuid = {34FA04DE-1131-4B16-85C2-FB744320F202}
	EndGlobalSection
EndGlobal
