
Microsoft Visual Studio Solution File, Format Version 12.00
# Visual Studio 15
VisualStudioVersion = 15.0.26730.16
MinimumVisualStudioVersion = 10.0.40219.1
Project("{FAE04EC0-301F-11D3-BF4B-00C04F79EFBC}") = "ColoredBox", "ColoredBox\ColoredBox.csproj", "{B569AC62-48EA-4493-AB9A-1BCC7536F9A3}"
EndProject
Global
	GlobalSection(SolutionConfigurationPlatforms) = preSolution
		Debug|Any CPU = Debug|Any CPU
		Release|Any CPU = Release|Any CPU
	EndGlobalSection
	GlobalSection(ProjectConfigurationPlatforms) = postSolution
		{B569AC62-48EA-4493-AB9A-1BCC7536F9A3}.Debug|Any CPU.ActiveCfg = Debug|Any CPU
		{B569AC62-48EA-4493-AB9A-1BCC7536F9A3}.Debug|Any CPU.Build.0 = Debug|Any CPU
		{B569AC62-48EA-4493-AB9A-1BCC7536F9A3}.Release|Any CPU.ActiveCfg = Release|Any CPU
		{B569AC62-48EA-4493-AB9A-1BCC7536F9A3}.Release|Any CPU.Build.0 = Release|Any CPU
	EndGlobalSection
	GlobalSection(SolutionProperties) = preSolution
		HideSolutionNode = FALSE
	EndGlobalSection
	GlobalSection(ExtensibilityGlobals) = postSolution
		SolutionGuid = {9E76629B-5F26-451A-B95B-5E6458DEA327}
	EndGlobalSection
EndGlobal
