
Microsoft Visual Studio Solution File, Format Version 12.00
# Visual Studio 15
VisualStudioVersion = 15.0.27004.2002
MinimumVisualStudioVersion = 10.0.40219.1
Project("{FAE04EC0-301F-11D3-BF4B-00C04F79EFBC}") = "Exercise-5", "Exercise-5\Exercise-5.csproj", "{608F5D25-065D-4EC7-8F5E-8988F29EB628}"
EndProject
Global
	GlobalSection(SolutionConfigurationPlatforms) = preSolution
		Debug|Any CPU = Debug|Any CPU
		Release|Any CPU = Release|Any CPU
	EndGlobalSection
	GlobalSection(ProjectConfigurationPlatforms) = postSolution
		{608F5D25-065D-4EC7-8F5E-8988F29EB628}.Debug|Any CPU.ActiveCfg = Debug|Any CPU
		{608F5D25-065D-4EC7-8F5E-8988F29EB628}.Debug|Any CPU.Build.0 = Debug|Any CPU
		{608F5D25-065D-4EC7-8F5E-8988F29EB628}.Release|Any CPU.ActiveCfg = Release|Any CPU
		{608F5D25-065D-4EC7-8F5E-8988F29EB628}.Release|Any CPU.Build.0 = Release|Any CPU
	EndGlobalSection
	GlobalSection(SolutionProperties) = preSolution
		HideSolutionNode = FALSE
	EndGlobalSection
	GlobalSection(ExtensibilityGlobals) = postSolution
		SolutionGuid = {5319DCD2-098C-4CA6-8BD6-7304E60FA393}
	EndGlobalSection
EndGlobal
