
Microsoft Visual Studio Solution File, Format Version 12.00
# Visual Studio 15
VisualStudioVersion = 15.0.26730.16
MinimumVisualStudioVersion = 10.0.40219.1
Project("{FAE04EC0-301F-11D3-BF4B-00C04F79EFBC}") = "CountLetters", "CountLetters\CountLetters.csproj", "{A2ED55D2-89F2-4D85-9B90-5D49B87BC903}"
EndProject
Global
	GlobalSection(SolutionConfigurationPlatforms) = preSolution
		Debug|Any CPU = Debug|Any CPU
		Release|Any CPU = Release|Any CPU
	EndGlobalSection
	GlobalSection(ProjectConfigurationPlatforms) = postSolution
		{A2ED55D2-89F2-4D85-9B90-5D49B87BC903}.Debug|Any CPU.ActiveCfg = Debug|Any CPU
		{A2ED55D2-89F2-4D85-9B90-5D49B87BC903}.Debug|Any CPU.Build.0 = Debug|Any CPU
		{A2ED55D2-89F2-4D85-9B90-5D49B87BC903}.Release|Any CPU.ActiveCfg = Release|Any CPU
		{A2ED55D2-89F2-4D85-9B90-5D49B87BC903}.Release|Any CPU.Build.0 = Release|Any CPU
	EndGlobalSection
	GlobalSection(SolutionProperties) = preSolution
		HideSolutionNode = FALSE
	EndGlobalSection
	GlobalSection(ExtensibilityGlobals) = postSolution
		SolutionGuid = {3E3D6DEF-8BE6-43F0-BDAC-8F5DCA6F3684}
	EndGlobalSection
EndGlobal
