
Microsoft Visual Studio Solution File, Format Version 12.00
# Visual Studio 15
VisualStudioVersion = 15.0.26730.16
MinimumVisualStudioVersion = 10.0.40219.1
Project("{FAE04EC0-301F-11D3-BF4B-00C04F79EFBC}") = "CheckIfInputNumberIsAMultiplyOf3or5", "CheckIfInputNumberIsAMultiplyOf3or5\CheckIfInputNumberIsAMultiplyOf3or5.csproj", "{C03309F3-F087-45AF-86C2-5F2EBCB6B37E}"
EndProject
Global
	GlobalSection(SolutionConfigurationPlatforms) = preSolution
		Debug|Any CPU = Debug|Any CPU
		Release|Any CPU = Release|Any CPU
	EndGlobalSection
	GlobalSection(ProjectConfigurationPlatforms) = postSolution
		{C03309F3-F087-45AF-86C2-5F2EBCB6B37E}.Debug|Any CPU.ActiveCfg = Debug|Any CPU
		{C03309F3-F087-45AF-86C2-5F2EBCB6B37E}.Debug|Any CPU.Build.0 = Debug|Any CPU
		{C03309F3-F087-45AF-86C2-5F2EBCB6B37E}.Release|Any CPU.ActiveCfg = Release|Any CPU
		{C03309F3-F087-45AF-86C2-5F2EBCB6B37E}.Release|Any CPU.Build.0 = Release|Any CPU
	EndGlobalSection
	GlobalSection(SolutionProperties) = preSolution
		HideSolutionNode = FALSE
	EndGlobalSection
	GlobalSection(ExtensibilityGlobals) = postSolution
		SolutionGuid = {06983FFA-6770-4AF3-8484-E25414F88F30}
	EndGlobalSection
EndGlobal
