
Microsoft Visual Studio Solution File, Format Version 12.00
# Visual Studio 15
VisualStudioVersion = 15.0.26730.16
MinimumVisualStudioVersion = 10.0.40219.1
Project("{FAE04EC0-301F-11D3-BF4B-00C04F79EFBC}") = "Checkerboard", "Checkerboard\Checkerboard.csproj", "{058C231A-A7A8-46FF-BD41-56675FB0A81F}"
EndProject
Global
	GlobalSection(SolutionConfigurationPlatforms) = preSolution
		Debug|Any CPU = Debug|Any CPU
		Release|Any CPU = Release|Any CPU
	EndGlobalSection
	GlobalSection(ProjectConfigurationPlatforms) = postSolution
		{058C231A-A7A8-46FF-BD41-56675FB0A81F}.Debug|Any CPU.ActiveCfg = Debug|Any CPU
		{058C231A-A7A8-46FF-BD41-56675FB0A81F}.Debug|Any CPU.Build.0 = Debug|Any CPU
		{058C231A-A7A8-46FF-BD41-56675FB0A81F}.Release|Any CPU.ActiveCfg = Release|Any CPU
		{058C231A-A7A8-46FF-BD41-56675FB0A81F}.Release|Any CPU.Build.0 = Release|Any CPU
	EndGlobalSection
	GlobalSection(SolutionProperties) = preSolution
		HideSolutionNode = FALSE
	EndGlobalSection
	GlobalSection(ExtensibilityGlobals) = postSolution
		SolutionGuid = {0C616BBC-8BF4-409E-9190-0F85E1C7B09A}
	EndGlobalSection
EndGlobal
