
Microsoft Visual Studio Solution File, Format Version 12.00
# Visual Studio 15
VisualStudioVersion = 15.0.26730.12
MinimumVisualStudioVersion = 10.0.40219.1
Project("{FAE04EC0-301F-11D3-BF4B-00C04F79EFBC}") = "Cuboid", "Cuboid\Cuboid.csproj", "{92ECC9F3-B4F2-47B9-B1A6-4AB04A795293}"
EndProject
Global
	GlobalSection(SolutionConfigurationPlatforms) = preSolution
		Debug|Any CPU = Debug|Any CPU
		Release|Any CPU = Release|Any CPU
	EndGlobalSection
	GlobalSection(ProjectConfigurationPlatforms) = postSolution
		{92ECC9F3-B4F2-47B9-B1A6-4AB04A795293}.Debug|Any CPU.ActiveCfg = Debug|Any CPU
		{92ECC9F3-B4F2-47B9-B1A6-4AB04A795293}.Debug|Any CPU.Build.0 = Debug|Any CPU
		{92ECC9F3-B4F2-47B9-B1A6-4AB04A795293}.Release|Any CPU.ActiveCfg = Release|Any CPU
		{92ECC9F3-B4F2-47B9-B1A6-4AB04A795293}.Release|Any CPU.Build.0 = Release|Any CPU
	EndGlobalSection
	GlobalSection(SolutionProperties) = preSolution
		HideSolutionNode = FALSE
	EndGlobalSection
	GlobalSection(ExtensibilityGlobals) = postSolution
		SolutionGuid = {19004A39-135E-427F-BCA7-405857F74792}
	EndGlobalSection
EndGlobal
