
Microsoft Visual Studio Solution File, Format Version 12.00
# Visual Studio 15
VisualStudioVersion = 15.0.26730.12
MinimumVisualStudioVersion = 10.0.40219.1
Project("{FAE04EC0-301F-11D3-BF4B-00C04F79EFBC}") = "Exercise-01", "Exercise-01\Exercise-01.csproj", "{86F6FAE2-0E1B-458A-B5CD-273F3B8A19B6}"
EndProject
Global
	GlobalSection(SolutionConfigurationPlatforms) = preSolution
		Debug|Any CPU = Debug|Any CPU
		Release|Any CPU = Release|Any CPU
	EndGlobalSection
	GlobalSection(ProjectConfigurationPlatforms) = postSolution
		{86F6FAE2-0E1B-458A-B5CD-273F3B8A19B6}.Debug|Any CPU.ActiveCfg = Debug|Any CPU
		{86F6FAE2-0E1B-458A-B5CD-273F3B8A19B6}.Debug|Any CPU.Build.0 = Debug|Any CPU
		{86F6FAE2-0E1B-458A-B5CD-273F3B8A19B6}.Release|Any CPU.ActiveCfg = Release|Any CPU
		{86F6FAE2-0E1B-458A-B5CD-273F3B8A19B6}.Release|Any CPU.Build.0 = Release|Any CPU
	EndGlobalSection
	GlobalSection(SolutionProperties) = preSolution
		HideSolutionNode = FALSE
	EndGlobalSection
	GlobalSection(ExtensibilityGlobals) = postSolution
		SolutionGuid = {86C9CCAD-79C2-4641-868A-A3F4CC236D4D}
	EndGlobalSection
EndGlobal
