
Microsoft Visual Studio Solution File, Format Version 12.00
# Visual Studio 15
VisualStudioVersion = 15.0.26730.12
MinimumVisualStudioVersion = 10.0.40219.1
Project("{FAE04EC0-301F-11D3-BF4B-00C04F79EFBC}") = "WriteSingleLine", "WriteSingleLine\WriteSingleLine.csproj", "{97A1761A-4A23-444B-9F09-229B7DA2A596}"
EndProject
Global
	GlobalSection(SolutionConfigurationPlatforms) = preSolution
		Debug|Any CPU = Debug|Any CPU
		Release|Any CPU = Release|Any CPU
	EndGlobalSection
	GlobalSection(ProjectConfigurationPlatforms) = postSolution
		{97A1761A-4A23-444B-9F09-229B7DA2A596}.Debug|Any CPU.ActiveCfg = Debug|Any CPU
		{97A1761A-4A23-444B-9F09-229B7DA2A596}.Debug|Any CPU.Build.0 = Debug|Any CPU
		{97A1761A-4A23-444B-9F09-229B7DA2A596}.Release|Any CPU.ActiveCfg = Release|Any CPU
		{97A1761A-4A23-444B-9F09-229B7DA2A596}.Release|Any CPU.Build.0 = Release|Any CPU
	EndGlobalSection
	GlobalSection(SolutionProperties) = preSolution
		HideSolutionNode = FALSE
	EndGlobalSection
	GlobalSection(ExtensibilityGlobals) = postSolution
		SolutionGuid = {B48E1106-A563-4396-AE3C-2E231BECC112}
	EndGlobalSection
EndGlobal
