
Microsoft Visual Studio Solution File, Format Version 12.00
# Visual Studio 15
VisualStudioVersion = 15.0.27004.2002
MinimumVisualStudioVersion = 10.0.40219.1
Project("{FAE04EC0-301F-11D3-BF4B-00C04F79EFBC}") = "Exercise-1", "Exercise-1\Exercise-1.csproj", "{02AA7BD3-07A5-4EFD-8B13-D9AB06EE56EA}"
EndProject
Global
	GlobalSection(SolutionConfigurationPlatforms) = preSolution
		Debug|Any CPU = Debug|Any CPU
		Release|Any CPU = Release|Any CPU
	EndGlobalSection
	GlobalSection(ProjectConfigurationPlatforms) = postSolution
		{02AA7BD3-07A5-4EFD-8B13-D9AB06EE56EA}.Debug|Any CPU.ActiveCfg = Debug|Any CPU
		{02AA7BD3-07A5-4EFD-8B13-D9AB06EE56EA}.Debug|Any CPU.Build.0 = Debug|Any CPU
		{02AA7BD3-07A5-4EFD-8B13-D9AB06EE56EA}.Release|Any CPU.ActiveCfg = Release|Any CPU
		{02AA7BD3-07A5-4EFD-8B13-D9AB06EE56EA}.Release|Any CPU.Build.0 = Release|Any CPU
	EndGlobalSection
	GlobalSection(SolutionProperties) = preSolution
		HideSolutionNode = FALSE
	EndGlobalSection
	GlobalSection(ExtensibilityGlobals) = postSolution
		SolutionGuid = {294B1A02-03AF-4D0F-A57F-0B957FEF2DE2}
	EndGlobalSection
EndGlobal
