
Microsoft Visual Studio Solution File, Format Version 12.00
# Visual Studio 15
VisualStudioVersion = 15.0.26730.12
MinimumVisualStudioVersion = 10.0.40219.1
Project("{FAE04EC0-301F-11D3-BF4B-00C04F79EFBC}") = "Exercise-14", "Exercise-14\Exercise-14.csproj", "{61AF287F-259E-413A-B2A6-DF1F5BFF968A}"
EndProject
Global
	GlobalSection(SolutionConfigurationPlatforms) = preSolution
		Debug|Any CPU = Debug|Any CPU
		Release|Any CPU = Release|Any CPU
	EndGlobalSection
	GlobalSection(ProjectConfigurationPlatforms) = postSolution
		{61AF287F-259E-413A-B2A6-DF1F5BFF968A}.Debug|Any CPU.ActiveCfg = Debug|Any CPU
		{61AF287F-259E-413A-B2A6-DF1F5BFF968A}.Debug|Any CPU.Build.0 = Debug|Any CPU
		{61AF287F-259E-413A-B2A6-DF1F5BFF968A}.Release|Any CPU.ActiveCfg = Release|Any CPU
		{61AF287F-259E-413A-B2A6-DF1F5BFF968A}.Release|Any CPU.Build.0 = Release|Any CPU
	EndGlobalSection
	GlobalSection(SolutionProperties) = preSolution
		HideSolutionNode = FALSE
	EndGlobalSection
	GlobalSection(ExtensibilityGlobals) = postSolution
		SolutionGuid = {C59834B6-117F-455B-A214-6C2F5963B2A0}
	EndGlobalSection
EndGlobal
