
Microsoft Visual Studio Solution File, Format Version 12.00
# Visual Studio 15
VisualStudioVersion = 15.0.26730.12
MinimumVisualStudioVersion = 10.0.40219.1
Project("{FAE04EC0-301F-11D3-BF4B-00C04F79EFBC}") = "PartyIndicator", "PartyIndicator\PartyIndicator.csproj", "{09558563-5A1E-4B5F-9621-0F5AAEE62FCF}"
EndProject
Global
	GlobalSection(SolutionConfigurationPlatforms) = preSolution
		Debug|Any CPU = Debug|Any CPU
		Release|Any CPU = Release|Any CPU
	EndGlobalSection
	GlobalSection(ProjectConfigurationPlatforms) = postSolution
		{09558563-5A1E-4B5F-9621-0F5AAEE62FCF}.Debug|Any CPU.ActiveCfg = Debug|Any CPU
		{09558563-5A1E-4B5F-9621-0F5AAEE62FCF}.Debug|Any CPU.Build.0 = Debug|Any CPU
		{09558563-5A1E-4B5F-9621-0F5AAEE62FCF}.Release|Any CPU.ActiveCfg = Release|Any CPU
		{09558563-5A1E-4B5F-9621-0F5AAEE62FCF}.Release|Any CPU.Build.0 = Release|Any CPU
	EndGlobalSection
	GlobalSection(SolutionProperties) = preSolution
		HideSolutionNode = FALSE
	EndGlobalSection
	GlobalSection(ExtensibilityGlobals) = postSolution
		SolutionGuid = {167AA686-3AD3-4793-881A-0FAF5556D920}
	EndGlobalSection
EndGlobal
