
Microsoft Visual Studio Solution File, Format Version 12.00
# Visual Studio 15
VisualStudioVersion = 15.0.27004.2005
MinimumVisualStudioVersion = 10.0.40219.1
Project("{9A19103F-16F7-4668-BE54-9A1E7A4F7556}") = "NBAapp", "NBAapp\NBAapp.csproj", "{B6FC381C-0DAB-4071-AE10-F6FF96DBFCD6}"
EndProject
Project("{FAE04EC0-301F-11D3-BF4B-00C04F79EFBC}") = "NBAapp.IntegrationTests", "NBAapp.IntegrationTests\NBAapp.IntegrationTests.csproj", "{644D9249-98DC-4F13-B44D-263CF8C35ECD}"
EndProject
Global
	GlobalSection(SolutionConfigurationPlatforms) = preSolution
		Debug|Any CPU = Debug|Any CPU
		Release|Any CPU = Release|Any CPU
	EndGlobalSection
	GlobalSection(ProjectConfigurationPlatforms) = postSolution
		{B6FC381C-0DAB-4071-AE10-F6FF96DBFCD6}.Debug|Any CPU.ActiveCfg = Debug|Any CPU
		{B6FC381C-0DAB-4071-AE10-F6FF96DBFCD6}.Debug|Any CPU.Build.0 = Debug|Any CPU
		{B6FC381C-0DAB-4071-AE10-F6FF96DBFCD6}.Release|Any CPU.ActiveCfg = Release|Any CPU
		{B6FC381C-0DAB-4071-AE10-F6FF96DBFCD6}.Release|Any CPU.Build.0 = Release|Any CPU
		{644D9249-98DC-4F13-B44D-263CF8C35ECD}.Debug|Any CPU.ActiveCfg = Debug|Any CPU
		{644D9249-98DC-4F13-B44D-263CF8C35ECD}.Debug|Any CPU.Build.0 = Debug|Any CPU
		{644D9249-98DC-4F13-B44D-263CF8C35ECD}.Release|Any CPU.ActiveCfg = Release|Any CPU
		{644D9249-98DC-4F13-B44D-263CF8C35ECD}.Release|Any CPU.Build.0 = Release|Any CPU
	EndGlobalSection
	GlobalSection(SolutionProperties) = preSolution
		HideSolutionNode = FALSE
	EndGlobalSection
	GlobalSection(ExtensibilityGlobals) = postSolution
		SolutionGuid = {D8E0DDAC-6250-4430-A458-CFB4E745864F}
	EndGlobalSection
EndGlobal
