
Microsoft Visual Studio Solution File, Format Version 12.00
# Visual Studio 15
VisualStudioVersion = 15.0.27004.2009
MinimumVisualStudioVersion = 10.0.40219.1
Project("{FAE04EC0-301F-11D3-BF4B-00C04F79EFBC}") = "Arrow", "Arrow\Arrow.csproj", "{8A72852A-ACD6-411D-8BD0-783AD55E602B}"
EndProject
Project("{FAE04EC0-301F-11D3-BF4B-00C04F79EFBC}") = "Arrow.IntegrationTests", "Arrow.IntegrationTests\Arrow.IntegrationTests.csproj", "{2195B23B-5916-44CE-BACD-C564C2F3D810}"
EndProject
Global
	GlobalSection(SolutionConfigurationPlatforms) = preSolution
		Debug|Any CPU = Debug|Any CPU
		Release|Any CPU = Release|Any CPU
	EndGlobalSection
	GlobalSection(ProjectConfigurationPlatforms) = postSolution
		{8A72852A-ACD6-411D-8BD0-783AD55E602B}.Debug|Any CPU.ActiveCfg = Debug|Any CPU
		{8A72852A-ACD6-411D-8BD0-783AD55E602B}.Debug|Any CPU.Build.0 = Debug|Any CPU
		{8A72852A-ACD6-411D-8BD0-783AD55E602B}.Release|Any CPU.ActiveCfg = Release|Any CPU
		{8A72852A-ACD6-411D-8BD0-783AD55E602B}.Release|Any CPU.Build.0 = Release|Any CPU
		{2195B23B-5916-44CE-BACD-C564C2F3D810}.Debug|Any CPU.ActiveCfg = Debug|Any CPU
		{2195B23B-5916-44CE-BACD-C564C2F3D810}.Debug|Any CPU.Build.0 = Debug|Any CPU
		{2195B23B-5916-44CE-BACD-C564C2F3D810}.Release|Any CPU.ActiveCfg = Release|Any CPU
		{2195B23B-5916-44CE-BACD-C564C2F3D810}.Release|Any CPU.Build.0 = Release|Any CPU
	EndGlobalSection
	GlobalSection(SolutionProperties) = preSolution
		HideSolutionNode = FALSE
	EndGlobalSection
	GlobalSection(ExtensibilityGlobals) = postSolution
		SolutionGuid = {E44824BF-B875-437C-BFFD-BA55D06CBB13}
	EndGlobalSection
EndGlobal
