
Microsoft Visual Studio Solution File, Format Version 12.00
# Visual Studio 15
VisualStudioVersion = 15.0.26730.12
MinimumVisualStudioVersion = 10.0.40219.1
Project("{FAE04EC0-301F-11D3-BF4B-00C04F79EFBC}") = "AnimalsAndLegs", "AnimalsAndLegs\AnimalsAndLegs.csproj", "{2E694211-DF2C-420E-916A-59C99927FC41}"
EndProject
Global
	GlobalSection(SolutionConfigurationPlatforms) = preSolution
		Debug|Any CPU = Debug|Any CPU
		Release|Any CPU = Release|Any CPU
	EndGlobalSection
	GlobalSection(ProjectConfigurationPlatforms) = postSolution
		{2E694211-DF2C-420E-916A-59C99927FC41}.Debug|Any CPU.ActiveCfg = Debug|Any CPU
		{2E694211-DF2C-420E-916A-59C99927FC41}.Debug|Any CPU.Build.0 = Debug|Any CPU
		{2E694211-DF2C-420E-916A-59C99927FC41}.Release|Any CPU.ActiveCfg = Release|Any CPU
		{2E694211-DF2C-420E-916A-59C99927FC41}.Release|Any CPU.Build.0 = Release|Any CPU
	EndGlobalSection
	GlobalSection(SolutionProperties) = preSolution
		HideSolutionNode = FALSE
	EndGlobalSection
	GlobalSection(ExtensibilityGlobals) = postSolution
		SolutionGuid = {E90498D6-97DF-49EA-92FB-2EB5AD0B8B91}
	EndGlobalSection
EndGlobal
