
Microsoft Visual Studio Solution File, Format Version 12.00
# Visual Studio 15
VisualStudioVersion = 15.0.26730.12
MinimumVisualStudioVersion = 10.0.40219.1
Project("{FAE04EC0-301F-11D3-BF4B-00C04F79EFBC}") = "WriteMultipleLines", "WriteMultipleLines\WriteMultipleLines.csproj", "{8DE254D6-0176-48F0-9E15-FDA0CD61D2EC}"
EndProject
Global
	GlobalSection(SolutionConfigurationPlatforms) = preSolution
		Debug|Any CPU = Debug|Any CPU
		Release|Any CPU = Release|Any CPU
	EndGlobalSection
	GlobalSection(ProjectConfigurationPlatforms) = postSolution
		{8DE254D6-0176-48F0-9E15-FDA0CD61D2EC}.Debug|Any CPU.ActiveCfg = Debug|Any CPU
		{8DE254D6-0176-48F0-9E15-FDA0CD61D2EC}.Debug|Any CPU.Build.0 = Debug|Any CPU
		{8DE254D6-0176-48F0-9E15-FDA0CD61D2EC}.Release|Any CPU.ActiveCfg = Release|Any CPU
		{8DE254D6-0176-48F0-9E15-FDA0CD61D2EC}.Release|Any CPU.Build.0 = Release|Any CPU
	EndGlobalSection
	GlobalSection(SolutionProperties) = preSolution
		HideSolutionNode = FALSE
	EndGlobalSection
	GlobalSection(ExtensibilityGlobals) = postSolution
		SolutionGuid = {34F7EB5B-38A3-4215-BCD5-3A236CDAD1D1}
	EndGlobalSection
EndGlobal
